
Microsoft Visual Studio Solution File, Format Version 12.00
# Visual Studio Version 17
VisualStudioVersion = 17.1.32228.430
MinimumVisualStudioVersion = 10.0.40219.1
Project("{9A19103F-16F7-4668-BE54-9A1E7A4F7556}") = "Data_Structure", "Data_Structure\Data_Structure.csproj", "{82C371E1-C43D-4623-8871-7B96D106BC9E}"
EndProject
Project("{2150E333-8FDC-42A3-9474-1A3956D46DE8}") = "Solution Items", "Solution Items", "{336EE983-FED1-4E14-A1FD-C970290F4B8C}"
	ProjectSection(SolutionItems) = preProject
		.editorconfig = .editorconfig
	EndProjectSection
EndProject
Global
	GlobalSection(SolutionConfigurationPlatforms) = preSolution
		Debug|Any CPU = Debug|Any CPU
		Release|Any CPU = Release|Any CPU
	EndGlobalSection
	GlobalSection(ProjectConfigurationPlatforms) = postSolution
		{82C371E1-C43D-4623-8871-7B96D106BC9E}.Debug|Any CPU.ActiveCfg = Debug|Any CPU
		{82C371E1-C43D-4623-8871-7B96D106BC9E}.Debug|Any CPU.Build.0 = Debug|Any CPU
		{82C371E1-C43D-4623-8871-7B96D106BC9E}.Release|Any CPU.ActiveCfg = Release|Any CPU
		{82C371E1-C43D-4623-8871-7B96D106BC9E}.Release|Any CPU.Build.0 = Release|Any CPU
	EndGlobalSection
	GlobalSection(SolutionProperties) = preSolution
		HideSolutionNode = FALSE
	EndGlobalSection
	GlobalSection(ExtensibilityGlobals) = postSolution
		SolutionGuid = {475737F1-6EDB-4602-A05C-2E067D8464A1}
	EndGlobalSection
EndGlobal
